{
  "name": "ajs-platforms_2",
  "lockfileVersion": 3,
  "requires": true,
  "packages": {
    "": {
      "dependencies": {
        "@liaksej/ajs-platforms": "^1.0.0"
      }
    },
    "node_modules/@liaksej/ajs-platforms": {
      "version": "1.0.0",
      "resolved": "https://npm.pkg.github.com/download/@liaksej/ajs-platforms/1.0.0/30dde02a7dc4ef5bcf52f12870b0038891c1812c",
      "integrity": "sha512-xapHspisANO84OaaUWk6MRMf4vF2kP65hP1UHSug7T4T68ikfha2wH69PWxvUyvFXZqQTmFq8UsIj+4pvYSgQQ==",
      "license": "ISC"
    }
  }
}
